<?xml version="1.0" encoding="UTF-8" standalone="yes" ?>
<CodeBlocks_project_file>
	<FileVersion major="1" minor="6" />
	<Project>
		<Option title="Rook" />
		<Option pch_mode="2" />
		<Option compiler="gcc" />
		<Build>
			<Target title="Debug">
				<Option output="bin/Debug/Rook" prefix_auto="1" extension_auto="1" />
				<Option object_output="obj/Debug/" />
				<Option type="1" />
				<Option compiler="gcc" />
				<Compiler>
					<Add option="-g" />
				</Compiler>
			</Target>
			<Target title="Release">
				<Option output="bin/Release/Rook" prefix_auto="1" extension_auto="1" />
				<Option object_output="obj/Release/" />
				<Option type="1" />
				<Option compiler="gcc" />
				<Compiler>
					<Add option="-O2" />
				</Compiler>
				<Linker>
					<Add option="-s" />
				</Linker>
			</Target>
		</Build>
		<Compiler>
			<Add option="-Wall" />
		</Compiler>
		<Unit filename="GlobalDeclarations.c">
			<Option compilerVar="CC" />
		</Unit>
		<Unit filename="GlobalDeclarations.h" />
		<Unit filename="applicableActions.c">
			<Option compilerVar="CC" />
		</Unit>
		<Unit filename="applicableActions.h" />
		<Unit filename="chess_pieces.h" />
		<Unit filename="chessboard.c">
			<Option compilerVar="CC" />
		</Unit>
		<Unit filename="main.c">
			<Option compilerVar="CC" />
		</Unit>
		<Unit filename="output.c">
			<Option compilerVar="CC" />
		</Unit>
		<Unit filename="output.h" />
		<Unit filename="testCases.c">
			<Option compilerVar="CC" />
		</Unit>
		<Unit filename="testCases.h" />
		<Unit filename="testInitialisations.c">
			<Option compilerVar="CC" />
		</Unit>
		<Unit filename="testInitialisations.h" />
		<Unit filename="toAlgebraicNotation.c">
			<Option compilerVar="CC" />
		</Unit>
		<Unit filename="toAlgebraicNotation.h" />
		<Extensions>
			<code_completion />
			<envvars />
			<debugger />
		</Extensions>
	</Project>
</CodeBlocks_project_file>
